
Microsoft Visual Studio Solution File, Format Version 12.00
# Visual Studio Version 16
VisualStudioVersion = 16.0.30114.105
MinimumVisualStudioVersion = 10.0.40219.1
Project("{FAE04EC0-301F-11D3-BF4B-00C04F79EFBC}") = "Tests", "Tests\Tests.csproj", "{A9E8026A-61A3-4C34-809F-9A8F2DAB07B8}"
EndProject
Project("{FAE04EC0-301F-11D3-BF4B-00C04F79EFBC}") = "Solution", "Solution\Solution.csproj", "{B72F06ED-FE1C-4BC4-AFBA-738681E13CA0}"
EndProject
Global
	GlobalSection(SolutionConfigurationPlatforms) = preSolution
		Debug|Any CPU = Debug|Any CPU
		Release|Any CPU = Release|Any CPU
	EndGlobalSection
	GlobalSection(SolutionProperties) = preSolution
		HideSolutionNode = FALSE
	EndGlobalSection
	GlobalSection(ProjectConfigurationPlatforms) = postSolution
		{A9E8026A-61A3-4C34-809F-9A8F2DAB07B8}.Debug|Any CPU.ActiveCfg = Debug|Any CPU
		{A9E8026A-61A3-4C34-809F-9A8F2DAB07B8}.Debug|Any CPU.Build.0 = Debug|Any CPU
		{A9E8026A-61A3-4C34-809F-9A8F2DAB07B8}.Release|Any CPU.ActiveCfg = Release|Any CPU
		{A9E8026A-61A3-4C34-809F-9A8F2DAB07B8}.Release|Any CPU.Build.0 = Release|Any CPU
		{B72F06ED-FE1C-4BC4-AFBA-738681E13CA0}.Debug|Any CPU.ActiveCfg = Debug|Any CPU
		{B72F06ED-FE1C-4BC4-AFBA-738681E13CA0}.Debug|Any CPU.Build.0 = Debug|Any CPU
		{B72F06ED-FE1C-4BC4-AFBA-738681E13CA0}.Release|Any CPU.ActiveCfg = Release|Any CPU
		{B72F06ED-FE1C-4BC4-AFBA-738681E13CA0}.Release|Any CPU.Build.0 = Release|Any CPU
	EndGlobalSection
EndGlobal
