
Microsoft Visual Studio Solution File, Format Version 12.00
# Visual Studio Version 16
VisualStudioVersion = 16.0.30114.105
MinimumVisualStudioVersion = 10.0.40219.1
Project("{FAE04EC0-301F-11D3-BF4B-00C04F79EFBC}") = "Solution", "Solution\Solution.csproj", "{2120B60D-1C64-4E67-A746-7F24F70BDFB3}"
EndProject
Project("{FAE04EC0-301F-11D3-BF4B-00C04F79EFBC}") = "Tests", "Tests\Tests.csproj", "{D5A07D96-1D30-4301-92F0-7B6840D58BEE}"
EndProject
Global
	GlobalSection(SolutionConfigurationPlatforms) = preSolution
		Debug|Any CPU = Debug|Any CPU
		Release|Any CPU = Release|Any CPU
	EndGlobalSection
	GlobalSection(SolutionProperties) = preSolution
		HideSolutionNode = FALSE
	EndGlobalSection
	GlobalSection(ProjectConfigurationPlatforms) = postSolution
		{2120B60D-1C64-4E67-A746-7F24F70BDFB3}.Debug|Any CPU.ActiveCfg = Debug|Any CPU
		{2120B60D-1C64-4E67-A746-7F24F70BDFB3}.Debug|Any CPU.Build.0 = Debug|Any CPU
		{2120B60D-1C64-4E67-A746-7F24F70BDFB3}.Release|Any CPU.ActiveCfg = Release|Any CPU
		{2120B60D-1C64-4E67-A746-7F24F70BDFB3}.Release|Any CPU.Build.0 = Release|Any CPU
		{D5A07D96-1D30-4301-92F0-7B6840D58BEE}.Debug|Any CPU.ActiveCfg = Debug|Any CPU
		{D5A07D96-1D30-4301-92F0-7B6840D58BEE}.Debug|Any CPU.Build.0 = Debug|Any CPU
		{D5A07D96-1D30-4301-92F0-7B6840D58BEE}.Release|Any CPU.ActiveCfg = Release|Any CPU
		{D5A07D96-1D30-4301-92F0-7B6840D58BEE}.Release|Any CPU.Build.0 = Release|Any CPU
	EndGlobalSection
EndGlobal
