
Microsoft Visual Studio Solution File, Format Version 12.00
# Visual Studio Version 16
VisualStudioVersion = 16.0.30114.105
MinimumVisualStudioVersion = 10.0.40219.1
Project("{FAE04EC0-301F-11D3-BF4B-00C04F79EFBC}") = "Solution", "Solution\Solution.csproj", "{6F1A0C3B-61CF-4B73-A1E0-5F149A96CFCB}"
EndProject
Project("{FAE04EC0-301F-11D3-BF4B-00C04F79EFBC}") = "Tests", "Tests\Tests.csproj", "{9CEACB74-4B7F-40DF-8334-C6CC69330EA5}"
EndProject
Global
	GlobalSection(SolutionConfigurationPlatforms) = preSolution
		Debug|Any CPU = Debug|Any CPU
		Release|Any CPU = Release|Any CPU
	EndGlobalSection
	GlobalSection(SolutionProperties) = preSolution
		HideSolutionNode = FALSE
	EndGlobalSection
	GlobalSection(ProjectConfigurationPlatforms) = postSolution
		{6F1A0C3B-61CF-4B73-A1E0-5F149A96CFCB}.Debug|Any CPU.ActiveCfg = Debug|Any CPU
		{6F1A0C3B-61CF-4B73-A1E0-5F149A96CFCB}.Debug|Any CPU.Build.0 = Debug|Any CPU
		{6F1A0C3B-61CF-4B73-A1E0-5F149A96CFCB}.Release|Any CPU.ActiveCfg = Release|Any CPU
		{6F1A0C3B-61CF-4B73-A1E0-5F149A96CFCB}.Release|Any CPU.Build.0 = Release|Any CPU
		{9CEACB74-4B7F-40DF-8334-C6CC69330EA5}.Debug|Any CPU.ActiveCfg = Debug|Any CPU
		{9CEACB74-4B7F-40DF-8334-C6CC69330EA5}.Debug|Any CPU.Build.0 = Debug|Any CPU
		{9CEACB74-4B7F-40DF-8334-C6CC69330EA5}.Release|Any CPU.ActiveCfg = Release|Any CPU
		{9CEACB74-4B7F-40DF-8334-C6CC69330EA5}.Release|Any CPU.Build.0 = Release|Any CPU
	EndGlobalSection
EndGlobal
