
Microsoft Visual Studio Solution File, Format Version 12.00
# Visual Studio Version 16
VisualStudioVersion = 16.0.30114.105
MinimumVisualStudioVersion = 10.0.40219.1
Project("{FAE04EC0-301F-11D3-BF4B-00C04F79EFBC}") = "Solution", "Solution\Solution.csproj", "{E2E8BD8A-7915-4513-8964-BA06526B7439}"
EndProject
Project("{FAE04EC0-301F-11D3-BF4B-00C04F79EFBC}") = "Tests", "Tests\Tests.csproj", "{90DAC9C5-F957-4883-B6B4-B1C46B9F7DD5}"
EndProject
Global
	GlobalSection(SolutionConfigurationPlatforms) = preSolution
		Debug|Any CPU = Debug|Any CPU
		Release|Any CPU = Release|Any CPU
	EndGlobalSection
	GlobalSection(SolutionProperties) = preSolution
		HideSolutionNode = FALSE
	EndGlobalSection
	GlobalSection(ProjectConfigurationPlatforms) = postSolution
		{E2E8BD8A-7915-4513-8964-BA06526B7439}.Debug|Any CPU.ActiveCfg = Debug|Any CPU
		{E2E8BD8A-7915-4513-8964-BA06526B7439}.Debug|Any CPU.Build.0 = Debug|Any CPU
		{E2E8BD8A-7915-4513-8964-BA06526B7439}.Release|Any CPU.ActiveCfg = Release|Any CPU
		{E2E8BD8A-7915-4513-8964-BA06526B7439}.Release|Any CPU.Build.0 = Release|Any CPU
		{90DAC9C5-F957-4883-B6B4-B1C46B9F7DD5}.Debug|Any CPU.ActiveCfg = Debug|Any CPU
		{90DAC9C5-F957-4883-B6B4-B1C46B9F7DD5}.Debug|Any CPU.Build.0 = Debug|Any CPU
		{90DAC9C5-F957-4883-B6B4-B1C46B9F7DD5}.Release|Any CPU.ActiveCfg = Release|Any CPU
		{90DAC9C5-F957-4883-B6B4-B1C46B9F7DD5}.Release|Any CPU.Build.0 = Release|Any CPU
	EndGlobalSection
EndGlobal
