
Microsoft Visual Studio Solution File, Format Version 12.00
# Visual Studio Version 16
VisualStudioVersion = 16.0.30114.105
MinimumVisualStudioVersion = 10.0.40219.1
Project("{FAE04EC0-301F-11D3-BF4B-00C04F79EFBC}") = "Tests", "Tests\Tests.csproj", "{8C57130F-9E5A-4B9F-B00A-00618C160098}"
EndProject
Project("{FAE04EC0-301F-11D3-BF4B-00C04F79EFBC}") = "Solution", "Solution\Solution.csproj", "{C424CCF5-6BA1-47DE-8EF0-F4266816D75A}"
EndProject
Global
	GlobalSection(SolutionConfigurationPlatforms) = preSolution
		Debug|Any CPU = Debug|Any CPU
		Release|Any CPU = Release|Any CPU
	EndGlobalSection
	GlobalSection(SolutionProperties) = preSolution
		HideSolutionNode = FALSE
	EndGlobalSection
	GlobalSection(ProjectConfigurationPlatforms) = postSolution
		{8C57130F-9E5A-4B9F-B00A-00618C160098}.Debug|Any CPU.ActiveCfg = Debug|Any CPU
		{8C57130F-9E5A-4B9F-B00A-00618C160098}.Debug|Any CPU.Build.0 = Debug|Any CPU
		{8C57130F-9E5A-4B9F-B00A-00618C160098}.Release|Any CPU.ActiveCfg = Release|Any CPU
		{8C57130F-9E5A-4B9F-B00A-00618C160098}.Release|Any CPU.Build.0 = Release|Any CPU
		{C424CCF5-6BA1-47DE-8EF0-F4266816D75A}.Debug|Any CPU.ActiveCfg = Debug|Any CPU
		{C424CCF5-6BA1-47DE-8EF0-F4266816D75A}.Debug|Any CPU.Build.0 = Debug|Any CPU
		{C424CCF5-6BA1-47DE-8EF0-F4266816D75A}.Release|Any CPU.ActiveCfg = Release|Any CPU
		{C424CCF5-6BA1-47DE-8EF0-F4266816D75A}.Release|Any CPU.Build.0 = Release|Any CPU
	EndGlobalSection
EndGlobal
